
Microsoft Visual Studio Solution File, Format Version 12.00
# Visual Studio 15
VisualStudioVersion = 15.0.28010.2048
MinimumVisualStudioVersion = 10.0.40219.1
Project("{2150E333-8FDC-42A3-9474-1A3956D46DE8}") = ".paket", ".paket", "{183ABCD1-32FD-4195-97F9-BCE022CF2714}"
	ProjectSection(SolutionItems) = preProject
		..\paket.dependencies = ..\paket.dependencies
	EndProjectSection
EndProject
Project("{9A19103F-16F7-4668-BE54-9A1E7A4F7556}") = "Domain", "Domain\Domain.csproj", "{8729966B-65EF-4AFC-9C86-1D0606389888}"
EndProject
Project("{9A19103F-16F7-4668-BE54-9A1E7A4F7556}") = "DataAccessLayer", "DataAccessLayer\DataAccessLayer.csproj", "{0AB2A8D2-076C-425B-963D-6242168E9A7B}"
EndProject
Project("{9A19103F-16F7-4668-BE54-9A1E7A4F7556}") = "Repository.Contracts", "Repository.Contracts\Repository.Contracts.csproj", "{74363DF2-55AC-4D72-8321-CEE3069A6EB7}"
EndProject
Project("{2150E333-8FDC-42A3-9474-1A3956D46DE8}") = "DataLayer", "DataLayer", "{DAE97974-DE76-4B85-963A-48708B05CD48}"
EndProject
Project("{9A19103F-16F7-4668-BE54-9A1E7A4F7556}") = "Migrations", "Migrations\Migrations.csproj", "{DFF0AD06-907C-463F-A6E7-B693D3A39CE1}"
EndProject
Project("{9A19103F-16F7-4668-BE54-9A1E7A4F7556}") = "Application.Contracts", "Application.Contracts\Application.Contracts.csproj", "{262A4926-5325-4B52-9A16-3E535650E581}"
EndProject
Project("{9A19103F-16F7-4668-BE54-9A1E7A4F7556}") = "Application", "Application\Application.csproj", "{95E67CCB-67BA-461C-A9BE-395D4919C1DD}"
EndProject
Project("{9A19103F-16F7-4668-BE54-9A1E7A4F7556}") = "DomainStorage", "DomainStorage\DomainStorage.csproj", "{4CCF94BC-0175-422F-90D9-289B6158F502}"
EndProject
Project("{2150E333-8FDC-42A3-9474-1A3956D46DE8}") = "BusinessLayer", "BusinessLayer", "{B93FED75-0A5D-40B3-94D2-2E37977525BC}"
EndProject
Project("{FAE04EC0-301F-11D3-BF4B-00C04F79EFBC}") = "RestApi", "RestApi\RestApi.csproj", "{5B6F0D63-89D0-44EF-A570-E2328CB703DE}"
EndProject
Global
	GlobalSection(SolutionConfigurationPlatforms) = preSolution
		Debug|Any CPU = Debug|Any CPU
		Release|Any CPU = Release|Any CPU
	EndGlobalSection
	GlobalSection(ProjectConfigurationPlatforms) = postSolution
		{8729966B-65EF-4AFC-9C86-1D0606389888}.Debug|Any CPU.ActiveCfg = Debug|Any CPU
		{8729966B-65EF-4AFC-9C86-1D0606389888}.Debug|Any CPU.Build.0 = Debug|Any CPU
		{8729966B-65EF-4AFC-9C86-1D0606389888}.Release|Any CPU.ActiveCfg = Release|Any CPU
		{8729966B-65EF-4AFC-9C86-1D0606389888}.Release|Any CPU.Build.0 = Release|Any CPU
		{0AB2A8D2-076C-425B-963D-6242168E9A7B}.Debug|Any CPU.ActiveCfg = Debug|Any CPU
		{0AB2A8D2-076C-425B-963D-6242168E9A7B}.Debug|Any CPU.Build.0 = Debug|Any CPU
		{0AB2A8D2-076C-425B-963D-6242168E9A7B}.Release|Any CPU.ActiveCfg = Release|Any CPU
		{0AB2A8D2-076C-425B-963D-6242168E9A7B}.Release|Any CPU.Build.0 = Release|Any CPU
		{74363DF2-55AC-4D72-8321-CEE3069A6EB7}.Debug|Any CPU.ActiveCfg = Debug|Any CPU
		{74363DF2-55AC-4D72-8321-CEE3069A6EB7}.Debug|Any CPU.Build.0 = Debug|Any CPU
		{74363DF2-55AC-4D72-8321-CEE3069A6EB7}.Release|Any CPU.ActiveCfg = Release|Any CPU
		{74363DF2-55AC-4D72-8321-CEE3069A6EB7}.Release|Any CPU.Build.0 = Release|Any CPU
		{DFF0AD06-907C-463F-A6E7-B693D3A39CE1}.Debug|Any CPU.ActiveCfg = Debug|Any CPU
		{DFF0AD06-907C-463F-A6E7-B693D3A39CE1}.Debug|Any CPU.Build.0 = Debug|Any CPU
		{DFF0AD06-907C-463F-A6E7-B693D3A39CE1}.Release|Any CPU.ActiveCfg = Release|Any CPU
		{DFF0AD06-907C-463F-A6E7-B693D3A39CE1}.Release|Any CPU.Build.0 = Release|Any CPU
		{262A4926-5325-4B52-9A16-3E535650E581}.Debug|Any CPU.ActiveCfg = Debug|Any CPU
		{262A4926-5325-4B52-9A16-3E535650E581}.Debug|Any CPU.Build.0 = Debug|Any CPU
		{262A4926-5325-4B52-9A16-3E535650E581}.Release|Any CPU.ActiveCfg = Release|Any CPU
		{262A4926-5325-4B52-9A16-3E535650E581}.Release|Any CPU.Build.0 = Release|Any CPU
		{95E67CCB-67BA-461C-A9BE-395D4919C1DD}.Debug|Any CPU.ActiveCfg = Debug|Any CPU
		{95E67CCB-67BA-461C-A9BE-395D4919C1DD}.Debug|Any CPU.Build.0 = Debug|Any CPU
		{95E67CCB-67BA-461C-A9BE-395D4919C1DD}.Release|Any CPU.ActiveCfg = Release|Any CPU
		{95E67CCB-67BA-461C-A9BE-395D4919C1DD}.Release|Any CPU.Build.0 = Release|Any CPU
		{4CCF94BC-0175-422F-90D9-289B6158F502}.Debug|Any CPU.ActiveCfg = Debug|Any CPU
		{4CCF94BC-0175-422F-90D9-289B6158F502}.Debug|Any CPU.Build.0 = Debug|Any CPU
		{4CCF94BC-0175-422F-90D9-289B6158F502}.Release|Any CPU.ActiveCfg = Release|Any CPU
		{4CCF94BC-0175-422F-90D9-289B6158F502}.Release|Any CPU.Build.0 = Release|Any CPU
		{5B6F0D63-89D0-44EF-A570-E2328CB703DE}.Debug|Any CPU.ActiveCfg = Debug|Any CPU
		{5B6F0D63-89D0-44EF-A570-E2328CB703DE}.Debug|Any CPU.Build.0 = Debug|Any CPU
		{5B6F0D63-89D0-44EF-A570-E2328CB703DE}.Release|Any CPU.ActiveCfg = Release|Any CPU
		{5B6F0D63-89D0-44EF-A570-E2328CB703DE}.Release|Any CPU.Build.0 = Release|Any CPU
	EndGlobalSection
	GlobalSection(SolutionProperties) = preSolution
		HideSolutionNode = FALSE
	EndGlobalSection
	GlobalSection(NestedProjects) = preSolution
		{8729966B-65EF-4AFC-9C86-1D0606389888} = {B93FED75-0A5D-40B3-94D2-2E37977525BC}
		{0AB2A8D2-076C-425B-963D-6242168E9A7B} = {DAE97974-DE76-4B85-963A-48708B05CD48}
		{74363DF2-55AC-4D72-8321-CEE3069A6EB7} = {B93FED75-0A5D-40B3-94D2-2E37977525BC}
		{DFF0AD06-907C-463F-A6E7-B693D3A39CE1} = {DAE97974-DE76-4B85-963A-48708B05CD48}
		{262A4926-5325-4B52-9A16-3E535650E581} = {B93FED75-0A5D-40B3-94D2-2E37977525BC}
		{95E67CCB-67BA-461C-A9BE-395D4919C1DD} = {B93FED75-0A5D-40B3-94D2-2E37977525BC}
		{4CCF94BC-0175-422F-90D9-289B6158F502} = {DAE97974-DE76-4B85-963A-48708B05CD48}
	EndGlobalSection
	GlobalSection(ExtensibilityGlobals) = postSolution
		SolutionGuid = {6DD38059-06AC-4C82-A848-353553AEDE24}
	EndGlobalSection
EndGlobal
